
Microsoft Visual Studio Solution File, Format Version 12.00
Project("{FAE04EC0-301F-11D3-BF4B-00C04F79EFBC}") = "PJATK APBD Kolokwium EFCore - CodeFirst ver. 3", "PJATK APBD Kolokwium EFCore - CodeFirst ver. 3.csproj", "{90146FBC-B943-4B0B-8ADD-8A97EB27985A}"
EndProject
Global
	GlobalSection(SolutionConfigurationPlatforms) = preSolution
		Debug|Any CPU = Debug|Any CPU
		Release|Any CPU = Release|Any CPU
	EndGlobalSection
	GlobalSection(ProjectConfigurationPlatforms) = postSolution
		{90146FBC-B943-4B0B-8ADD-8A97EB27985A}.Debug|Any CPU.ActiveCfg = Debug|Any CPU
		{90146FBC-B943-4B0B-8ADD-8A97EB27985A}.Debug|Any CPU.Build.0 = Debug|Any CPU
		{90146FBC-B943-4B0B-8ADD-8A97EB27985A}.Release|Any CPU.ActiveCfg = Release|Any CPU
		{90146FBC-B943-4B0B-8ADD-8A97EB27985A}.Release|Any CPU.Build.0 = Release|Any CPU
	EndGlobalSection
EndGlobal
